// !$*UTF8*$!
{
	archiveVersion = 1;
	classes = {
	};
	objectVersion = 50;
	objects = {

/* Begin PBXBuildFile section */
		30E0F58C855D7DC62CCA23C9 /* Pods_Bathroom_Break.framework in Frameworks */ = {isa = PBXBuildFile; fileRef = 9FE81CC52FD7169214544793 /* Pods_Bathroom_Break.framework */; };
		543F054C22613E1300EF02C1 /* SignUpViewController.swift in Sources */ = {isa = PBXBuildFile; fileRef = 543F054B22613E1300EF02C1 /* SignUpViewController.swift */; };
		543F054E2261509C00EF02C1 /* LoginViewController.swift in Sources */ = {isa = PBXBuildFile; fileRef = 543F054D2261509C00EF02C1 /* LoginViewController.swift */; };
		5471AA9C22694B4700E2A6B7 /* SettingsViewController.swift in Sources */ = {isa = PBXBuildFile; fileRef = 5471AA9B22694B4700E2A6B7 /* SettingsViewController.swift */; };
		54FD5D99225669ED008BE606 /* AppDelegate.swift in Sources */ = {isa = PBXBuildFile; fileRef = 54FD5D98225669ED008BE606 /* AppDelegate.swift */; };
		54FD5D9E225669ED008BE606 /* Main.storyboard in Resources */ = {isa = PBXBuildFile; fileRef = 54FD5D9C225669ED008BE606 /* Main.storyboard */; };
		54FD5DA0225669F3008BE606 /* Assets.xcassets in Resources */ = {isa = PBXBuildFile; fileRef = 54FD5D9F225669F3008BE606 /* Assets.xcassets */; };
		54FD5DA3225669F3008BE606 /* LaunchScreen.storyboard in Resources */ = {isa = PBXBuildFile; fileRef = 54FD5DA1225669F3008BE606 /* LaunchScreen.storyboard */; };
/* End PBXBuildFile section */

/* Begin PBXFileReference section */
		30D48BCB42F1B3F18660C376 /* Pods-Bathroom Break.release.xcconfig */ = {isa = PBXFileReference; includeInIndex = 1; lastKnownFileType = text.xcconfig; name = "Pods-Bathroom Break.release.xcconfig"; path = "Target Support Files/Pods-Bathroom Break/Pods-Bathroom Break.release.xcconfig"; sourceTree = "<group>"; };
		543F054B22613E1300EF02C1 /* SignUpViewController.swift */ = {isa = PBXFileReference; lastKnownFileType = sourcecode.swift; path = SignUpViewController.swift; sourceTree = "<group>"; };
		543F054D2261509C00EF02C1 /* LoginViewController.swift */ = {isa = PBXFileReference; lastKnownFileType = sourcecode.swift; path = LoginViewController.swift; sourceTree = "<group>"; };
		5471AA9B22694B4700E2A6B7 /* SettingsViewController.swift */ = {isa = PBXFileReference; lastKnownFileType = sourcecode.swift; path = SettingsViewController.swift; sourceTree = "<group>"; };
		54FD5D95225669ED008BE606 /* Bathroom Break.app */ = {isa = PBXFileReference; explicitFileType = wrapper.application; includeInIndex = 0; path = "Bathroom Break.app"; sourceTree = BUILT_PRODUCTS_DIR; };
		54FD5D98225669ED008BE606 /* AppDelegate.swift */ = {isa = PBXFileReference; lastKnownFileType = sourcecode.swift; path = AppDelegate.swift; sourceTree = "<group>"; };
		54FD5D9D225669ED008BE606 /* Base */ = {isa = PBXFileReference; lastKnownFileType = file.storyboard; name = Base; path = Base.lproj/Main.storyboard; sourceTree = "<group>"; };
		54FD5D9F225669F3008BE606 /* Assets.xcassets */ = {isa = PBXFileReference; lastKnownFileType = folder.assetcatalog; path = Assets.xcassets; sourceTree = "<group>"; };
		54FD5DA2225669F3008BE606 /* Base */ = {isa = PBXFileReference; lastKnownFileType = file.storyboard; name = Base; path = Base.lproj/LaunchScreen.storyboard; sourceTree = "<group>"; };
		54FD5DA4225669F3008BE606 /* Info.plist */ = {isa = PBXFileReference; lastKnownFileType = text.plist.xml; path = Info.plist; sourceTree = "<group>"; };
		78985DD2BEA5CC8CCA15FCDE /* Pods-Bathroom Break.debug.xcconfig */ = {isa = PBXFileReference; includeInIndex = 1; lastKnownFileType = text.xcconfig; name = "Pods-Bathroom Break.debug.xcconfig"; path = "Target Support Files/Pods-Bathroom Break/Pods-Bathroom Break.debug.xcconfig"; sourceTree = "<group>"; };
		9FE81CC52FD7169214544793 /* Pods_Bathroom_Break.framework */ = {isa = PBXFileReference; explicitFileType = wrapper.framework; includeInIndex = 0; path = Pods_Bathroom_Break.framework; sourceTree = BUILT_PRODUCTS_DIR; };
/* End PBXFileReference section */

/* Begin PBXFrameworksBuildPhase section */
		54FD5D92225669ED008BE606 /* Frameworks */ = {
			isa = PBXFrameworksBuildPhase;
			buildActionMask = 2147483647;
			files = (
				30E0F58C855D7DC62CCA23C9 /* Pods_Bathroom_Break.framework in Frameworks */,
			);
			runOnlyForDeploymentPostprocessing = 0;
		};
/* End PBXFrameworksBuildPhase section */

/* Begin PBXGroup section */
		54FD5D8C225669ED008BE606 = {
			isa = PBXGroup;
			children = (
				54FD5D97225669ED008BE606 /* Bathroom Break */,
				54FD5D96225669ED008BE606 /* Products */,
				DFF5EBA13833D3F48AFA4D38 /* Pods */,
				5EF4EE69C3D9F9EAF24726FD /* Frameworks */,
			);
			sourceTree = "<group>";
		};
		54FD5D96225669ED008BE606 /* Products */ = {
			isa = PBXGroup;
			children = (
				54FD5D95225669ED008BE606 /* Bathroom Break.app */,
			);
			name = Products;
			sourceTree = "<group>";
		};
		54FD5D97225669ED008BE606 /* Bathroom Break */ = {
			isa = PBXGroup;
			children = (
				54FD5D98225669ED008BE606 /* AppDelegate.swift */,
				54FD5D9C225669ED008BE606 /* Main.storyboard */,
				54FD5D9F225669F3008BE606 /* Assets.xcassets */,
				54FD5DA1225669F3008BE606 /* LaunchScreen.storyboard */,
				54FD5DA4225669F3008BE606 /* Info.plist */,
				543F054B22613E1300EF02C1 /* SignUpViewController.swift */,
				543F054D2261509C00EF02C1 /* LoginViewController.swift */,
				5471AA9B22694B4700E2A6B7 /* SettingsViewController.swift */,
			);
			path = "Bathroom Break";
			sourceTree = "<group>";
		};
		5EF4EE69C3D9F9EAF24726FD /* Frameworks */ = {
			isa = PBXGroup;
			children = (
				9FE81CC52FD7169214544793 /* Pods_Bathroom_Break.framework */,
			);
			name = Frameworks;
			sourceTree = "<group>";
		};
		DFF5EBA13833D3F48AFA4D38 /* Pods */ = {
			isa = PBXGroup;
			children = (
				78985DD2BEA5CC8CCA15FCDE /* Pods-Bathroom Break.debug.xcconfig */,
				30D48BCB42F1B3F18660C376 /* Pods-Bathroom Break.release.xcconfig */,
			);
			path = Pods;
			sourceTree = "<group>";
		};
/* End PBXGroup section */

/* Begin PBXNativeTarget section */
		54FD5D94225669ED008BE606 /* Bathroom Break */ = {
			isa = PBXNativeTarget;
			buildConfigurationList = 54FD5DA7225669F3008BE606 /* Build configuration list for PBXNativeTarget "Bathroom Break" */;
			buildPhases = (
				ED8F84668460CB6A7F5A8D8F /* [CP] Check Pods Manifest.lock */,
				54FD5D91225669ED008BE606 /* Sources */,
				54FD5D92225669ED008BE606 /* Frameworks */,
				54FD5D93225669ED008BE606 /* Resources */,
				A9273513A44D67E453CE4489 /* [CP] Embed Pods Frameworks */,
			);
			buildRules = (
			);
			dependencies = (
			);
			name = "Bathroom Break";
			productName = "Bathroom Break";
			productReference = 54FD5D95225669ED008BE606 /* Bathroom Break.app */;
			productType = "com.apple.product-type.application";
		};
/* End PBXNativeTarget section */

/* Begin PBXProject section */
		54FD5D8D225669ED008BE606 /* Project object */ = {
			isa = PBXProject;
			attributes = {
				LastSwiftUpdateCheck = 1010;
				LastUpgradeCheck = 1010;
				ORGANIZATIONNAME = "Team Notify";
				TargetAttributes = {
					54FD5D94225669ED008BE606 = {
						CreatedOnToolsVersion = 10.1;
					};
				};
			};
			buildConfigurationList = 54FD5D90225669ED008BE606 /* Build configuration list for PBXProject "Bathroom Break" */;
			compatibilityVersion = "Xcode 9.3";
			developmentRegion = en;
			hasScannedForEncodings = 0;
			knownRegions = (
				en,
				Base,
			);
			mainGroup = 54FD5D8C225669ED008BE606;
			productRefGroup = 54FD5D96225669ED008BE606 /* Products */;
			projectDirPath = "";
			projectRoot = "";
			targets = (
				54FD5D94225669ED008BE606 /* Bathroom Break */,
			);
		};
/* End PBXProject section */

/* Begin PBXResourcesBuildPhase section */
		54FD5D93225669ED008BE606 /* Resources */ = {
			isa = PBXResourcesBuildPhase;
			buildActionMask = 2147483647;
			files = (
				54FD5DA3225669F3008BE606 /* LaunchScreen.storyboard in Resources */,
				54FD5DA0225669F3008BE606 /* Assets.xcassets in Resources */,
				54FD5D9E225669ED008BE606 /* Main.storyboard in Resources */,
			);
			runOnlyForDeploymentPostprocessing = 0;
		};
/* End PBXResourcesBuildPhase section */

/* Begin PBXShellScriptBuildPhase section */
		A9273513A44D67E453CE4489 /* [CP] Embed Pods Frameworks */ = {
			isa = PBXShellScriptBuildPhase;
			buildActionMask = 2147483647;
			files = (
			);
			inputFileListPaths = (
			);
			inputPaths = (
				"${PODS_ROOT}/Target Support Files/Pods-Bathroom Break/Pods-Bathroom Break-frameworks.sh",
				"${BUILT_PRODUCTS_DIR}/Alamofire/Alamofire.framework",
				"${BUILT_PRODUCTS_DIR}/AlamofireImage/AlamofireImage.framework",
				"${BUILT_PRODUCTS_DIR}/Bolts/Bolts.framework",
				"${BUILT_PRODUCTS_DIR}/Parse/Parse.framework",
			);
			name = "[CP] Embed Pods Frameworks";
			outputFileListPaths = (
			);
			outputPaths = (
				"${TARGET_BUILD_DIR}/${FRAMEWORKS_FOLDER_PATH}/Alamofire.framework",
				"${TARGET_BUILD_DIR}/${FRAMEWORKS_FOLDER_PATH}/AlamofireImage.framework",
				"${TARGET_BUILD_DIR}/${FRAMEWORKS_FOLDER_PATH}/Bolts.framework",
				"${TARGET_BUILD_DIR}/${FRAMEWORKS_FOLDER_PATH}/Parse.framework",
			);
			runOnlyForDeploymentPostprocessing = 0;
			shellPath = /bin/sh;
			shellScript = "\"${PODS_ROOT}/Target Support Files/Pods-Bathroom Break/Pods-Bathroom Break-frameworks.sh\"\n";
			showEnvVarsInLog = 0;
		};
		ED8F84668460CB6A7F5A8D8F /* [CP] Check Pods Manifest.lock */ = {
			isa = PBXShellScriptBuildPhase;
			buildActionMask = 2147483647;
			files = (
			);
			inputFileListPaths = (
			);
			inputPaths = (
				"${PODS_PODFILE_DIR_PATH}/Podfile.lock",
				"${PODS_ROOT}/Manifest.lock",
			);
			name = "[CP] Check Pods Manifest.lock";
			outputFileListPaths = (
			);
			outputPaths = (
				"$(DERIVED_FILE_DIR)/Pods-Bathroom Break-checkManifestLockResult.txt",
			);
			runOnlyForDeploymentPostprocessing = 0;
			shellPath = /bin/sh;
			shellScript = "diff \"${PODS_PODFILE_DIR_PATH}/Podfile.lock\" \"${PODS_ROOT}/Manifest.lock\" > /dev/null\nif [ $? != 0 ] ; then\n    # print error to STDERR\n    echo \"error: The sandbox is not in sync with the Podfile.lock. Run 'pod install' or update your CocoaPods installation.\" >&2\n    exit 1\nfi\n# This output is used by Xcode 'outputs' to avoid re-running this script phase.\necho \"SUCCESS\" > \"${SCRIPT_OUTPUT_FILE_0}\"\n";
			showEnvVarsInLog = 0;
		};
/* End PBXShellScriptBuildPhase section */

/* Begin PBXSourcesBuildPhase section */
		54FD5D91225669ED008BE606 /* Sources */ = {
			isa = PBXSourcesBuildPhase;
			buildActionMask = 2147483647;
			files = (
				543F054E2261509C00EF02C1 /* LoginViewController.swift in Sources */,
				543F054C22613E1300EF02C1 /* SignUpViewController.swift in Sources */,
				54FD5D99225669ED008BE606 /* AppDelegate.swift in Sources */,
				5471AA9C22694B4700E2A6B7 /* SettingsViewController.swift in Sources */,
			);
			runOnlyForDeploymentPostprocessing = 0;
		};
/* End PBXSourcesBuildPhase section */

/* Begin PBXVariantGroup section */
		54FD5D9C225669ED008BE606 /* Main.storyboard */ = {
			isa = PBXVariantGroup;
			children = (
				54FD5D9D225669ED008BE606 /* Base */,
			);
			name = Main.storyboard;
			sourceTree = "<group>";
		};
		54FD5DA1225669F3008BE606 /* LaunchScreen.storyboard */ = {
			isa = PBXVariantGroup;
			children = (
				54FD5DA2225669F3008BE606 /* Base */,
			);
			name = LaunchScreen.storyboard;
			sourceTree = "<group>";
		};
/* End PBXVariantGroup section */

/* Begin XCBuildConfiguration section */
		54FD5DA5225669F3008BE606 /* Debug */ = {
			isa = XCBuildConfiguration;
			buildSettings = {
				ALWAYS_SEARCH_USER_PATHS = NO;
				CLANG_ANALYZER_NONNULL = YES;
				CLANG_ANALYZER_NUMBER_OBJECT_CONVERSION = YES_AGGRESSIVE;
				CLANG_CXX_LANGUAGE_STANDARD = "gnu++14";
				CLANG_CXX_LIBRARY = "libc++";
				CLANG_ENABLE_MODULES = YES;
				CLANG_ENABLE_OBJC_ARC = YES;
				CLANG_ENABLE_OBJC_WEAK = YES;
				CLANG_WARN_BLOCK_CAPTURE_AUTORELEASING = YES;
				CLANG_WARN_BOOL_CONVERSION = YES;
				CLANG_WARN_COMMA = YES;
				CLANG_WARN_CONSTANT_CONVERSION = YES;
				CLANG_WARN_DEPRECATED_OBJC_IMPLEMENTATIONS = YES;
				CLANG_WARN_DIRECT_OBJC_ISA_USAGE = YES_ERROR;
				CLANG_WARN_DOCUMENTATION_COMMENTS = YES;
				CLANG_WARN_EMPTY_BODY = YES;
				CLANG_WARN_ENUM_CONVERSION = YES;
				CLANG_WARN_INFINITE_RECURSION = YES;
				CLANG_WARN_INT_CONVERSION = YES;
				CLANG_WARN_NON_LITERAL_NULL_CONVERSION = YES;
				CLANG_WARN_OBJC_IMPLICIT_RETAIN_SELF = YES;
				CLANG_WARN_OBJC_LITERAL_CONVERSION = YES;
				CLANG_WARN_OBJC_ROOT_CLASS = YES_ERROR;
				CLANG_WARN_RANGE_LOOP_ANALYSIS = YES;
				CLANG_WARN_STRICT_PROTOTYPES = YES;
				CLANG_WARN_SUSPICIOUS_MOVE = YES;
				CLANG_WARN_UNGUARDED_AVAILABILITY = YES_AGGRESSIVE;
				CLANG_WARN_UNREACHABLE_CODE = YES;
				CLANG_WARN__DUPLICATE_METHOD_MATCH = YES;
				CODE_SIGN_IDENTITY = "iPhone Developer";
				COPY_PHASE_STRIP = NO;
				DEBUG_INFORMATION_FORMAT = dwarf;
				ENABLE_STRICT_OBJC_MSGSEND = YES;
				ENABLE_TESTABILITY = YES;
				GCC_C_LANGUAGE_STANDARD = gnu11;
				GCC_DYNAMIC_NO_PIC = NO;
				GCC_NO_COMMON_BLOCKS = YES;
				GCC_OPTIMIZATION_LEVEL = 0;
				GCC_PREPROCESSOR_DEFINITIONS = (
					"DEBUG=1",
					"$(inherited)",
				);
				GCC_WARN_64_TO_32_BIT_CONVERSION = YES;
				GCC_WARN_ABOUT_RETURN_TYPE = YES_ERROR;
				GCC_WARN_UNDECLARED_SELECTOR = YES;
				GCC_WARN_UNINITIALIZED_AUTOS = YES_AGGRESSIVE;
				GCC_WARN_UNUSED_FUNCTION = YES;
				GCC_WARN_UNUSED_VARIABLE = YES;
				IPHONEOS_DEPLOYMENT_TARGET = 12.1;
				MTL_ENABLE_DEBUG_INFO = INCLUDE_SOURCE;
				MTL_FAST_MATH = YES;
				ONLY_ACTIVE_ARCH = YES;
				SDKROOT = iphoneos;
				SWIFT_ACTIVE_COMPILATION_CONDITIONS = DEBUG;
				SWIFT_OPTIMIZATION_LEVEL = "-Onone";
			};
			name = Debug;
		};
		54FD5DA6225669F3008BE606 /* Release */ = {
			isa = XCBuildConfiguration;
			buildSettings = {
				ALWAYS_SEARCH_USER_PATHS = NO;
				CLANG_ANALYZER_NONNULL = YES;
				CLANG_ANALYZER_NUMBER_OBJECT_CONVERSION = YES_AGGRESSIVE;
				CLANG_CXX_LANGUAGE_STANDARD = "gnu++14";
				CLANG_CXX_LIBRARY = "libc++";
				CLANG_ENABLE_MODULES = YES;
				CLANG_ENABLE_OBJC_ARC = YES;
				CLANG_ENABLE_OBJC_WEAK = YES;
				CLANG_WARN_BLOCK_CAPTURE_AUTORELEASING = YES;
				CLANG_WARN_BOOL_CONVERSION = YES;
				CLANG_WARN_COMMA = YES;
				CLANG_WARN_CONSTANT_CONVERSION = YES;
				CLANG_WARN_DEPRECATED_OBJC_IMPLEMENTATIONS = YES;
				CLANG_WARN_DIRECT_OBJC_ISA_USAGE = YES_ERROR;
				CLANG_WARN_DOCUMENTATION_COMMENTS = YES;
				CLANG_WARN_EMPTY_BODY = YES;
				CLANG_WARN_ENUM_CONVERSION = YES;
				CLANG_WARN_INFINITE_RECURSION = YES;
				CLANG_WARN_INT_CONVERSION = YES;
				CLANG_WARN_NON_LITERAL_NULL_CONVERSION = YES;
				CLANG_WARN_OBJC_IMPLICIT_RETAIN_SELF = YES;
				CLANG_WARN_OBJC_LITERAL_CONVERSION = YES;
				CLANG_WARN_OBJC_ROOT_CLASS = YES_ERROR;
				CLANG_WARN_RANGE_LOOP_ANALYSIS = YES;
				CLANG_WARN_STRICT_PROTOTYPES = YES;
				CLANG_WARN_SUSPICIOUS_MOVE = YES;
				CLANG_WARN_UNGUARDED_AVAILABILITY = YES_AGGRESSIVE;
				CLANG_WARN_UNREACHABLE_CODE = YES;
				CLANG_WARN__DUPLICATE_METHOD_MATCH = YES;
				CODE_SIGN_IDENTITY = "iPhone Developer";
				COPY_PHASE_STRIP = NO;
				DEBUG_INFORMATION_FORMAT = "dwarf-with-dsym";
				ENABLE_NS_ASSERTIONS = NO;
				ENABLE_STRICT_OBJC_MSGSEND = YES;
				GCC_C_LANGUAGE_STANDARD = gnu11;
				GCC_NO_COMMON_BLOCKS = YES;
				GCC_WARN_64_TO_32_BIT_CONVERSION = YES;
				GCC_WARN_ABOUT_RETURN_TYPE = YES_ERROR;
				GCC_WARN_UNDECLARED_SELECTOR = YES;
				GCC_WARN_UNINITIALIZED_AUTOS = YES_AGGRESSIVE;
				GCC_WARN_UNUSED_FUNCTION = YES;
				GCC_WARN_UNUSED_VARIABLE = YES;
				IPHONEOS_DEPLOYMENT_TARGET = 12.1;
				MTL_ENABLE_DEBUG_INFO = NO;
				MTL_FAST_MATH = YES;
				SDKROOT = iphoneos;
				SWIFT_COMPILATION_MODE = wholemodule;
				SWIFT_OPTIMIZATION_LEVEL = "-O";
				VALIDATE_PRODUCT = YES;
			};
			name = Release;
		};
		54FD5DA8225669F3008BE606 /* Debug */ = {
			isa = XCBuildConfiguration;
			baseConfigurationReference = 78985DD2BEA5CC8CCA15FCDE /* Pods-Bathroom Break.debug.xcconfig */;
			buildSettings = {
				ASSETCATALOG_COMPILER_APPICON_NAME = AppIcon;
				CODE_SIGN_STYLE = Automatic;
				DEVELOPMENT_TEAM = 7S9369KCP2;
				INFOPLIST_FILE = "Bathroom Break/Info.plist";
				LD_RUNPATH_SEARCH_PATHS = (
					"$(inherited)",
					"@executable_path/Frameworks",
				);
				PRODUCT_BUNDLE_IDENTIFIER = "teamNotify.Bathroom-Break";
				PRODUCT_NAME = "$(TARGET_NAME)";
				SWIFT_VERSION = 4.2;
				TARGETED_DEVICE_FAMILY = "1,2";
			};
			name = Debug;
		};
		54FD5DA9225669F3008BE606 /* Release */ = {
			isa = XCBuildConfiguration;
			baseConfigurationReference = 30D48BCB42F1B3F18660C376 /* Pods-Bathroom Break.release.xcconfig */;
			buildSettings = {
				ASSETCATALOG_COMPILER_APPICON_NAME = AppIcon;
				CODE_SIGN_STYLE = Automatic;
				DEVELOPMENT_TEAM = 7S9369KCP2;
				INFOPLIST_FILE = "Bathroom Break/Info.plist";
				LD_RUNPATH_SEARCH_PATHS = (
					"$(inherited)",
					"@executable_path/Frameworks",
				);
				PRODUCT_BUNDLE_IDENTIFIER = "teamNotify.Bathroom-Break";
				PRODUCT_NAME = "$(TARGET_NAME)";
				SWIFT_VERSION = 4.2;
				TARGETED_DEVICE_FAMILY = "1,2";
			};
			name = Release;
		};
/* End XCBuildConfiguration section */

/* Begin XCConfigurationList section */
		54FD5D90225669ED008BE606 /* Build configuration list for PBXProject "Bathroom Break" */ = {
			isa = XCConfigurationList;
			buildConfigurations = (
				54FD5DA5225669F3008BE606 /* Debug */,
				54FD5DA6225669F3008BE606 /* Release */,
			);
			defaultConfigurationIsVisible = 0;
			defaultConfigurationName = Release;
		};
		54FD5DA7225669F3008BE606 /* Build configuration list for PBXNativeTarget "Bathroom Break" */ = {
			isa = XCConfigurationList;
			buildConfigurations = (
				54FD5DA8225669F3008BE606 /* Debug */,
				54FD5DA9225669F3008BE606 /* Release */,
			);
			defaultConfigurationIsVisible = 0;
			defaultConfigurationName = Release;
		};
/* End XCConfigurationList section */
	};
	rootObject = 54FD5D8D225669ED008BE606 /* Project object */;
}
